
Microsoft Visual Studio Solution File, Format Version 12.00
# Visual Studio 15
VisualStudioVersion = 15.0.27703.2047
MinimumVisualStudioVersion = 10.0.40219.1
Project("{8BC9CEB8-8B4A-11D0-8D11-00A0C91BC942}") = "2P_ex013_leordenando", "2P_Projetos\2P_Projetos.vcxproj", "{2F9FEADF-EC77-44CB-A75C-4A71D9E09256}"
EndProject
Project("{8BC9CEB8-8B4A-11D0-8D11-00A0C91BC942}") = "2P_ex014_crescente", "2P_ex014_crescente\2P_ex014_crescente.vcxproj", "{7B0768E4-82A9-486B-89D9-27854D6B9355}"
EndProject
Project("{8BC9CEB8-8B4A-11D0-8D11-00A0C91BC942}") = "2P_ex015_salario", "2P_ex015_salario\2P_ex015_salario.vcxproj", "{BBEECBAD-D32B-4002-8EA5-178F0FBD027C}"
EndProject
Project("{8BC9CEB8-8B4A-11D0-8D11-00A0C91BC942}") = "2P_ex016_menu", "2P_ex016_menu\2P_ex016_menu.vcxproj", "{073C4DD1-D048-4BC5-860E-F95E1F0D1FDE}"
EndProject
Project("{8BC9CEB8-8B4A-11D0-8D11-00A0C91BC942}") = "2P_ex017_funcoes", "2P_ex017_funcoes\2P_ex017_funcoes.vcxproj", "{FA762B27-858B-410F-B8E4-0ED1334A16DC}"
EndProject
Project("{8BC9CEB8-8B4A-11D0-8D11-00A0C91BC942}") = "2P_ex018_somaintervalo", "2P_ex018_somaintervalo\2P_ex018_somaintervalo.vcxproj", "{BAE5909F-7CAD-46AC-8723-07EC40FB8077}"
EndProject
Project("{8BC9CEB8-8B4A-11D0-8D11-00A0C91BC942}") = "2P_ex019_funcaosoma", "2P_ex019_funcaosoma\2P_ex019_funcaosoma.vcxproj", "{E46E9E32-314A-480B-944C-AEBFBDA9C053}"
EndProject
Project("{8BC9CEB8-8B4A-11D0-8D11-00A0C91BC942}") = "2P_ex020_tabuada", "2P_ex020_tabuada\2P_ex020_tabuada.vcxproj", "{E061C51C-33F3-4D54-B886-BED9E8616999}"
EndProject
Project("{8BC9CEB8-8B4A-11D0-8D11-00A0C91BC942}") = "2P_ex021_primosnovetor", "2P_ex021_primosnovetor\2P_ex021_primosnovetor.vcxproj", "{1033495F-8742-4732-ABB3-2AEAC4B7D455}"
EndProject
Project("{8BC9CEB8-8B4A-11D0-8D11-00A0C91BC942}") = "2P_ex022_maiores50", "2P_ex022_maiores50\2P_ex022_maiores50.vcxproj", "{E71B0D6C-7DDC-49E4-A836-6F7715B0CA5F}"
EndProject
Project("{8BC9CEB8-8B4A-11D0-8D11-00A0C91BC942}") = "2P_ex023_decrescente", "2P_ex023_decrescente\2P_ex023_decrescente.vcxproj", "{103B7942-4EE7-4B84-B618-AC4F029D3505}"
EndProject
Project("{8BC9CEB8-8B4A-11D0-8D11-00A0C91BC942}") = "2P_ex024_passagemaerea", "2P_ex024_passagemaerea\2P_ex024_passagemaerea.vcxproj", "{02BF5172-A143-44D4-9652-782C93180607}"
EndProject
Project("{8BC9CEB8-8B4A-11D0-8D11-00A0C91BC942}") = "2P_ex025_multiplicamat", "2P_ex025_multiplicamat\2P_ex025_multiplicamat.vcxproj", "{5B3784DB-D669-4560-9637-F3085A645FE2}"
EndProject
Project("{8BC9CEB8-8B4A-11D0-8D11-00A0C91BC942}") = "2P_ex026_menornota", "2P_ex026_menornota\2P_ex026_menornota.vcxproj", "{750871D2-087B-491A-8848-4E00538EFD08}"
EndProject
Project("{8BC9CEB8-8B4A-11D0-8D11-00A0C91BC942}") = "2P_ex000_olamundo", "2P_ex000_olamundo\2P_ex000_olamundo.vcxproj", "{4E08A8E2-381D-41BA-9B7E-AE3FD92A5D6E}"
EndProject
Project("{8BC9CEB8-8B4A-11D0-8D11-00A0C91BC942}") = "2P_ex001_declaracaovar", "2P_ex001_declaracaovar\2P_ex001_declaracaovar.vcxproj", "{6BA2A275-0C81-4B2D-94AC-61AA599B737F}"
EndProject
Project("{8BC9CEB8-8B4A-11D0-8D11-00A0C91BC942}") = "2P_ex002_pitagoras", "2P_ex002_pitagoras\2P_ex002_pitagoras.vcxproj", "{E9CA35B9-0728-44A9-859C-C4D85DBCA3F1}"
EndProject
Project("{8BC9CEB8-8B4A-11D0-8D11-00A0C91BC942}") = "2P_ex003_batimentos", "2P_ex003_batimentos\2P_ex003_batimentos.vcxproj", "{457DE3B3-E997-4FAC-A692-456ACEA28E83}"
EndProject
Project("{8BC9CEB8-8B4A-11D0-8D11-00A0C91BC942}") = "2P_ex004_entradaesaida", "2P_ex004_entradaesaida\2P_ex004_entradaesaida.vcxproj", "{912CD8FC-9D11-4E6D-9846-0E7CA5E24F48}"
EndProject
Project("{8BC9CEB8-8B4A-11D0-8D11-00A0C91BC942}") = "2P_ex005_convTemp", "2P_ex005_convTemp\2P_ex005_convTemp.vcxproj", "{CA50B462-8EF1-4BCA-99B3-158249535250}"
EndProject
Project("{8BC9CEB8-8B4A-11D0-8D11-00A0C91BC942}") = "2P_ex006_mediaidade", "2P_ex006_mediaidade\2P_ex006_mediaidade.vcxproj", "{3B0E0ECF-77A7-401E-8DD2-E1DCF533CFB0}"
EndProject
Project("{8BC9CEB8-8B4A-11D0-8D11-00A0C91BC942}") = "2P_ex007_consumoveiculo", "2P_ex007_consumoveiculo\2P_ex007_consumoveiculo.vcxproj", "{77A86E59-7AF0-4933-A057-00FEEAAF8131}"
EndProject
Project("{8BC9CEB8-8B4A-11D0-8D11-00A0C91BC942}") = "2P_ex008_condicionais", "2P_ex008_condicionais\2P_ex008_condicionais.vcxproj", "{5380F738-68F7-42BB-8107-67A93E87BB60}"
EndProject
Project("{8BC9CEB8-8B4A-11D0-8D11-00A0C91BC942}") = "2P_ex009_mediaponderada", "2P_ex009_mediaponderada\2P_ex009_mediaponderada.vcxproj", "{25705715-A0AB-4773-9913-EFC0219D976E}"
EndProject
Project("{8BC9CEB8-8B4A-11D0-8D11-00A0C91BC942}") = "2P_ex010_mostramaior", "2P_ex010_mostramaior\2P_ex010_mostramaior.vcxproj", "{CB706286-3FD5-4829-9AC3-A12BC3D19D03}"
EndProject
Project("{8BC9CEB8-8B4A-11D0-8D11-00A0C91BC942}") = "2P_ex011_parouímpar", "2P_ex011_parouímpar\2P_ex011_parouímpar.vcxproj", "{7A6B07A4-3F24-4905-B144-8705769745F3}"
EndProject
Project("{8BC9CEB8-8B4A-11D0-8D11-00A0C91BC942}") = "2P_ex012_menusimples", "2P_ex012_menusimples\2P_ex012_menusimples.vcxproj", "{AE995495-070E-45A5-AA4E-B230749990D8}"
EndProject
Project("{8BC9CEB8-8B4A-11D0-8D11-00A0C91BC942}") = "2P_ex027_mostramaior", "2P_ex027_mostramaior\2P_ex027_mostramaior.vcxproj", "{BFB1EB31-C089-441B-BF69-D479995700A7}"
EndProject
Project("{8BC9CEB8-8B4A-11D0-8D11-00A0C91BC942}") = "2P_ex028_notasfinais", "2P_ex028_notasfinais\2P_ex028_notasfinais.vcxproj", "{B823F966-79E5-4AFC-9754-ADF4DEE1EAB0}"
EndProject
Project("{8BC9CEB8-8B4A-11D0-8D11-00A0C91BC942}") = "2P_ex029_ordenando", "2P_ex029_ordenando\2P_ex029_ordenando.vcxproj", "{30045EA6-20A8-4578-87F0-C558C2FF04BD}"
EndProject
Project("{8BC9CEB8-8B4A-11D0-8D11-00A0C91BC942}") = "2P_ex030_adivinhação", "2P_ex030_adivinhação\2P_ex030_adivinhação.vcxproj", "{AA25F959-61B6-422D-9B09-BE1745ACC2EB}"
EndProject
Project("{8BC9CEB8-8B4A-11D0-8D11-00A0C91BC942}") = "2P_ex031_repetição", "2P_ex031_repetição\2P_ex031_repetição.vcxproj", "{D56A4551-19AD-4BD4-ABE7-AE9DDA476A80}"
EndProject
Project("{8BC9CEB8-8B4A-11D0-8D11-00A0C91BC942}") = "2P_ex032_manipulacadeia", "2P_ex032_manipulacadeia\2P_ex032_manipulacadeia.vcxproj", "{69C41EA4-F18A-4D7C-A8F2-D7AE900BF4E7}"
EndProject
Project("{8BC9CEB8-8B4A-11D0-8D11-00A0C91BC942}") = "2P_ex033_funccadeias", "2P_ex033_funccadeias\2P_ex033_funccadeias.vcxproj", "{854D42C0-F279-4C79-AE7B-36F4EE6EC268}"
EndProject
Project("{8BC9CEB8-8B4A-11D0-8D11-00A0C91BC942}") = "2P_ex034_funcoesstr", "2P_ex034_funcoesstr\2P_ex034_funcoesstr.vcxproj", "{E093B155-A62B-40D8-8AF4-F57B604F888A}"
EndProject
Project("{8BC9CEB8-8B4A-11D0-8D11-00A0C91BC942}") = "2P_ex035_strcmp", "2P_ex035_strcmp\2P_ex035_strcmp.vcxproj", "{062C21ED-6E85-4706-93FA-B004E54980BA}"
EndProject
Project("{8BC9CEB8-8B4A-11D0-8D11-00A0C91BC942}") = "2P_ex036_strncmp", "2P_ex036_strncmp\2P_ex036_strncmp.vcxproj", "{C67F3B48-FA38-4991-A148-C5994F4E29F5}"
EndProject
Project("{8BC9CEB8-8B4A-11D0-8D11-00A0C91BC942}") = "2P_ex037_strcpy", "2P_ex037_strcpy\2P_ex037_strcpy.vcxproj", "{92862FA7-FCD9-4916-88C7-08640555E07E}"
EndProject
Project("{8BC9CEB8-8B4A-11D0-8D11-00A0C91BC942}") = "2P_ex038_strstr", "2P_ex038_strstr\2P_ex038_strstr.vcxproj", "{65A46B87-AABD-4D71-8670-1594173B23E6}"
EndProject
Project("{8BC9CEB8-8B4A-11D0-8D11-00A0C91BC942}") = "2P_ex039_alterandostr", "2P_ex039_alterandostr\2P_ex039_alterandostr.vcxproj", "{888B7915-27EF-4F7E-BAFC-FBC51D44383E}"
EndProject
Project("{8BC9CEB8-8B4A-11D0-8D11-00A0C91BC942}") = "2P_ex040_strcat", "2P_ex040_strcat\2P_ex040_strcat.vcxproj", "{5EE95B7E-3E66-4736-B733-53C515E1B19C}"
EndProject
Project("{8BC9CEB8-8B4A-11D0-8D11-00A0C91BC942}") = "2P_ex041_juntastr", "2P_ex041_juntastr\2P_ex041_juntastr.vcxproj", "{7EF6187C-6AF3-4EAF-BA9A-B1100265CEB6}"
EndProject
Project("{8BC9CEB8-8B4A-11D0-8D11-00A0C91BC942}") = "2P_ex042_alteraprimeira", "2P_ex042_alteraprimeira\2P_ex042_alteraprimeira.vcxproj", "{46A0AAC7-F5C8-457F-9D78-82C747EC354F}"
EndProject
Project("{8BC9CEB8-8B4A-11D0-8D11-00A0C91BC942}") = "2P_ex043_trocavogais", "2P_ex043_trocavogais\2P_ex043_trocavogais.vcxproj", "{C3677EDD-C552-4E2E-B80F-942571F7DA25}"
EndProject
Project("{8BC9CEB8-8B4A-11D0-8D11-00A0C91BC942}") = "2P_ex044_numcaracter", "2P_ex044_numcaracter\2P_ex044_numcaracter.vcxproj", "{9DACE076-F52F-41FB-BB1C-0EBD189F6D35}"
EndProject
Project("{8BC9CEB8-8B4A-11D0-8D11-00A0C91BC942}") = "2P_ex045_proximaletra", "2P_ex045_proximaletra\2P_ex045_proximaletra.vcxproj", "{5DFBDBAA-FFE4-4A56-BEC6-97AD9C23DA6F}"
EndProject
Project("{8BC9CEB8-8B4A-11D0-8D11-00A0C91BC942}") = "2P_ex046_letraanterior", "2P_ex046_letraanterior\2P_ex046_letraanterior.vcxproj", "{80A7446C-37A0-4ADA-AF67-F4BB9FA0027D}"
EndProject
Project("{8BC9CEB8-8B4A-11D0-8D11-00A0C91BC942}") = "2P_ex047_contavogais", "2P_ex047_contavogais\2P_ex047_contavogais.vcxproj", "{52F18750-51AF-4030-BBE3-1FB4725E8FF3}"
EndProject
Project("{8BC9CEB8-8B4A-11D0-8D11-00A0C91BC942}") = "2P_ex048_contconsoante", "2P_ex048_contconsoante\2P_ex048_contconsoante.vcxproj", "{9383E54A-2A30-458C-93F6-CAF79296FC8E}"
EndProject
Project("{8BC9CEB8-8B4A-11D0-8D11-00A0C91BC942}") = "2P_ex049_contapalavra", "2P_ex049_contapalavra\2P_ex049_contapalavra.vcxproj", "{4BE8BE64-FF25-44FB-84D1-13A2920298A7}"
EndProject
Project("{8BC9CEB8-8B4A-11D0-8D11-00A0C91BC942}") = "2P_ex050_contarepetida", "2P_ex050_contarepetida\2P_ex050_contarepetida.vcxproj", "{6B793393-7CFE-4136-A917-8AB8C4CB0126}"
EndProject
Project("{8BC9CEB8-8B4A-11D0-8D11-00A0C91BC942}") = "2P_ex051_criptografia", "2P_ex051_criptografia\2P_ex051_criptografia.vcxproj", "{88A0AA21-4CF0-4D5B-B096-38CEEB759DA6}"
EndProject
Project("{8BC9CEB8-8B4A-11D0-8D11-00A0C91BC942}") = "2P_ex052_primmaiuscula", "2P_ex052_primmaiuscula\2P_ex052_primmaiuscula.vcxproj", "{6FCAAB5A-DB44-4AF8-9226-D37E8ECC1306}"
EndProject
Project("{8BC9CEB8-8B4A-11D0-8D11-00A0C91BC942}") = "2P_ex053_palindromo", "2P_ex053_palindromo\2P_ex053_palindromo.vcxproj", "{C9C37509-71AD-42B1-B132-5193D57AFBAE}"
EndProject
Project("{8BC9CEB8-8B4A-11D0-8D11-00A0C91BC942}") = "2P_ex054_ordemalfabetica", "2P_ex054_ordemalfabetica\2P_ex054_ordemalfabetica.vcxproj", "{523A411A-9552-4BC5-9681-8AEAD6E71EB5}"
EndProject
Project("{8BC9CEB8-8B4A-11D0-8D11-00A0C91BC942}") = "2P_ex055_registro", "2P_ex055_registro\2P_ex055_registro.vcxproj", "{D646EF99-A08E-49C8-A531-A28C058CDA62}"
EndProject
Project("{8BC9CEB8-8B4A-11D0-8D11-00A0C91BC942}") = "2P_ex056_ficharegistro", "2P_ex056_ficharegistro\2P_ex056_ficharegistro.vcxproj", "{77E84D26-683F-4DBA-8A86-5323BA8384F5}"
EndProject
Project("{8BC9CEB8-8B4A-11D0-8D11-00A0C91BC942}") = "2P_ex057_regbanco", "2P_ex057_regbanco\2P_ex057_regbanco.vcxproj", "{02E0D8F8-0202-4312-9278-765816FEE5B4}"
EndProject
Project("{8BC9CEB8-8B4A-11D0-8D11-00A0C91BC942}") = "2P_ex058_contasbanco", "2P_ex058_contasbanco\2P_ex058_contasbanco.vcxproj", "{B1DF403D-2DD1-4C77-BC9B-9A68621C6620}"
EndProject
Project("{8BC9CEB8-8B4A-11D0-8D11-00A0C91BC942}") = "2P_ex059_arquivotxt", "2P_ex059_arquivotxt\2P_ex059_arquivotxt.vcxproj", "{4D7EE5D0-DF6C-4774-9CC6-E1ADE18360E3}"
EndProject
Project("{8BC9CEB8-8B4A-11D0-8D11-00A0C91BC942}") = "2P_ex060_gravarchar", "2P_ex060_gravarchar\2P_ex060_gravarchar.vcxproj", "{0E699305-BF36-467E-A35E-9EE5824A7050}"
EndProject
Project("{8BC9CEB8-8B4A-11D0-8D11-00A0C91BC942}") = "2P_ex061_arqcliente", "2P_ex061_arqcliente\2P_ex061_arqcliente.vcxproj", "{834F7C30-0428-42B9-BFDF-ACA5B1FC31D7}"
EndProject
Project("{8BC9CEB8-8B4A-11D0-8D11-00A0C91BC942}") = "2P_ex062_arqbinário", "2P_ex062_arqbinário\2P_ex062_arqbinário.vcxproj", "{D752B69F-3BE1-4B3C-A72F-17A97A70320C}"
EndProject
Project("{8BC9CEB8-8B4A-11D0-8D11-00A0C91BC942}") = "2P_ex063_regaluno", "2P_ex063_regaluno\2P_ex063_regaluno.vcxproj", "{06546AE4-716D-40C7-8C21-10D5CD7FAB37}"
EndProject
Project("{8BC9CEB8-8B4A-11D0-8D11-00A0C91BC942}") = "2P_ex064_agendaalunos", "2P_ex064_agendaalunos\2P_ex064_agendaalunos.vcxproj", "{64C461C6-55C8-4A8E-97D5-32544132F660}"
EndProject
Project("{8BC9CEB8-8B4A-11D0-8D11-00A0C91BC942}") = "2P_ex065_guardanomes", "2P_ex065_guardanomes\2P_ex065_guardanomes.vcxproj", "{43F0AFA2-A2E7-4BC5-AA59-50F9F149D1FE}"
EndProject
Project("{8BC9CEB8-8B4A-11D0-8D11-00A0C91BC942}") = "2P_ex066_txtinterios", "2P_ex066_txtinterios\2P_ex066_txtinterios.vcxproj", "{691BC631-E0D2-4FD2-9447-94AA4FF6226F}"
EndProject
Project("{8BC9CEB8-8B4A-11D0-8D11-00A0C91BC942}") = "2P_ex067_guardafrases", "2P_ex067_guardafrases\2P_ex067_guardafrases.vcxproj", "{8B4E7F83-A35C-44B9-9D87-DA048137B9D1}"
EndProject
Project("{8BC9CEB8-8B4A-11D0-8D11-00A0C91BC942}") = "2P_ex068_lendoarquivo", "2P_ex068_lendoarquivo\2P_ex068_lendoarquivo.vcxproj", "{9D6B3E33-C09C-4184-B88C-97BA5C07999B}"
EndProject
Global
	GlobalSection(SolutionConfigurationPlatforms) = preSolution
		Debug|x64 = Debug|x64
		Debug|x86 = Debug|x86
		Release|x64 = Release|x64
		Release|x86 = Release|x86
	EndGlobalSection
	GlobalSection(ProjectConfigurationPlatforms) = postSolution
		{2F9FEADF-EC77-44CB-A75C-4A71D9E09256}.Debug|x64.ActiveCfg = Debug|x64
		{2F9FEADF-EC77-44CB-A75C-4A71D9E09256}.Debug|x64.Build.0 = Debug|x64
		{2F9FEADF-EC77-44CB-A75C-4A71D9E09256}.Debug|x86.ActiveCfg = Debug|Win32
		{2F9FEADF-EC77-44CB-A75C-4A71D9E09256}.Debug|x86.Build.0 = Debug|Win32
		{2F9FEADF-EC77-44CB-A75C-4A71D9E09256}.Release|x64.ActiveCfg = Release|x64
		{2F9FEADF-EC77-44CB-A75C-4A71D9E09256}.Release|x64.Build.0 = Release|x64
		{2F9FEADF-EC77-44CB-A75C-4A71D9E09256}.Release|x86.ActiveCfg = Release|Win32
		{2F9FEADF-EC77-44CB-A75C-4A71D9E09256}.Release|x86.Build.0 = Release|Win32
		{7B0768E4-82A9-486B-89D9-27854D6B9355}.Debug|x64.ActiveCfg = Debug|x64
		{7B0768E4-82A9-486B-89D9-27854D6B9355}.Debug|x64.Build.0 = Debug|x64
		{7B0768E4-82A9-486B-89D9-27854D6B9355}.Debug|x86.ActiveCfg = Debug|Win32
		{7B0768E4-82A9-486B-89D9-27854D6B9355}.Debug|x86.Build.0 = Debug|Win32
		{7B0768E4-82A9-486B-89D9-27854D6B9355}.Release|x64.ActiveCfg = Release|x64
		{7B0768E4-82A9-486B-89D9-27854D6B9355}.Release|x64.Build.0 = Release|x64
		{7B0768E4-82A9-486B-89D9-27854D6B9355}.Release|x86.ActiveCfg = Release|Win32
		{7B0768E4-82A9-486B-89D9-27854D6B9355}.Release|x86.Build.0 = Release|Win32
		{BBEECBAD-D32B-4002-8EA5-178F0FBD027C}.Debug|x64.ActiveCfg = Debug|x64
		{BBEECBAD-D32B-4002-8EA5-178F0FBD027C}.Debug|x64.Build.0 = Debug|x64
		{BBEECBAD-D32B-4002-8EA5-178F0FBD027C}.Debug|x86.ActiveCfg = Debug|Win32
		{BBEECBAD-D32B-4002-8EA5-178F0FBD027C}.Debug|x86.Build.0 = Debug|Win32
		{BBEECBAD-D32B-4002-8EA5-178F0FBD027C}.Release|x64.ActiveCfg = Release|x64
		{BBEECBAD-D32B-4002-8EA5-178F0FBD027C}.Release|x64.Build.0 = Release|x64
		{BBEECBAD-D32B-4002-8EA5-178F0FBD027C}.Release|x86.ActiveCfg = Release|Win32
		{BBEECBAD-D32B-4002-8EA5-178F0FBD027C}.Release|x86.Build.0 = Release|Win32
		{073C4DD1-D048-4BC5-860E-F95E1F0D1FDE}.Debug|x64.ActiveCfg = Debug|x64
		{073C4DD1-D048-4BC5-860E-F95E1F0D1FDE}.Debug|x64.Build.0 = Debug|x64
		{073C4DD1-D048-4BC5-860E-F95E1F0D1FDE}.Debug|x86.ActiveCfg = Debug|Win32
		{073C4DD1-D048-4BC5-860E-F95E1F0D1FDE}.Debug|x86.Build.0 = Debug|Win32
		{073C4DD1-D048-4BC5-860E-F95E1F0D1FDE}.Release|x64.ActiveCfg = Release|x64
		{073C4DD1-D048-4BC5-860E-F95E1F0D1FDE}.Release|x64.Build.0 = Release|x64
		{073C4DD1-D048-4BC5-860E-F95E1F0D1FDE}.Release|x86.ActiveCfg = Release|Win32
		{073C4DD1-D048-4BC5-860E-F95E1F0D1FDE}.Release|x86.Build.0 = Release|Win32
		{FA762B27-858B-410F-B8E4-0ED1334A16DC}.Debug|x64.ActiveCfg = Debug|x64
		{FA762B27-858B-410F-B8E4-0ED1334A16DC}.Debug|x64.Build.0 = Debug|x64
		{FA762B27-858B-410F-B8E4-0ED1334A16DC}.Debug|x86.ActiveCfg = Debug|Win32
		{FA762B27-858B-410F-B8E4-0ED1334A16DC}.Debug|x86.Build.0 = Debug|Win32
		{FA762B27-858B-410F-B8E4-0ED1334A16DC}.Release|x64.ActiveCfg = Release|x64
		{FA762B27-858B-410F-B8E4-0ED1334A16DC}.Release|x64.Build.0 = Release|x64
		{FA762B27-858B-410F-B8E4-0ED1334A16DC}.Release|x86.ActiveCfg = Release|Win32
		{FA762B27-858B-410F-B8E4-0ED1334A16DC}.Release|x86.Build.0 = Release|Win32
		{BAE5909F-7CAD-46AC-8723-07EC40FB8077}.Debug|x64.ActiveCfg = Debug|x64
		{BAE5909F-7CAD-46AC-8723-07EC40FB8077}.Debug|x64.Build.0 = Debug|x64
		{BAE5909F-7CAD-46AC-8723-07EC40FB8077}.Debug|x86.ActiveCfg = Debug|Win32
		{BAE5909F-7CAD-46AC-8723-07EC40FB8077}.Debug|x86.Build.0 = Debug|Win32
		{BAE5909F-7CAD-46AC-8723-07EC40FB8077}.Release|x64.ActiveCfg = Release|x64
		{BAE5909F-7CAD-46AC-8723-07EC40FB8077}.Release|x64.Build.0 = Release|x64
		{BAE5909F-7CAD-46AC-8723-07EC40FB8077}.Release|x86.ActiveCfg = Release|Win32
		{BAE5909F-7CAD-46AC-8723-07EC40FB8077}.Release|x86.Build.0 = Release|Win32
		{E46E9E32-314A-480B-944C-AEBFBDA9C053}.Debug|x64.ActiveCfg = Debug|x64
		{E46E9E32-314A-480B-944C-AEBFBDA9C053}.Debug|x64.Build.0 = Debug|x64
		{E46E9E32-314A-480B-944C-AEBFBDA9C053}.Debug|x86.ActiveCfg = Debug|Win32
		{E46E9E32-314A-480B-944C-AEBFBDA9C053}.Debug|x86.Build.0 = Debug|Win32
		{E46E9E32-314A-480B-944C-AEBFBDA9C053}.Release|x64.ActiveCfg = Release|x64
		{E46E9E32-314A-480B-944C-AEBFBDA9C053}.Release|x64.Build.0 = Release|x64
		{E46E9E32-314A-480B-944C-AEBFBDA9C053}.Release|x86.ActiveCfg = Release|Win32
		{E46E9E32-314A-480B-944C-AEBFBDA9C053}.Release|x86.Build.0 = Release|Win32
		{E061C51C-33F3-4D54-B886-BED9E8616999}.Debug|x64.ActiveCfg = Debug|x64
		{E061C51C-33F3-4D54-B886-BED9E8616999}.Debug|x64.Build.0 = Debug|x64
		{E061C51C-33F3-4D54-B886-BED9E8616999}.Debug|x86.ActiveCfg = Debug|Win32
		{E061C51C-33F3-4D54-B886-BED9E8616999}.Debug|x86.Build.0 = Debug|Win32
		{E061C51C-33F3-4D54-B886-BED9E8616999}.Release|x64.ActiveCfg = Release|x64
		{E061C51C-33F3-4D54-B886-BED9E8616999}.Release|x64.Build.0 = Release|x64
		{E061C51C-33F3-4D54-B886-BED9E8616999}.Release|x86.ActiveCfg = Release|Win32
		{E061C51C-33F3-4D54-B886-BED9E8616999}.Release|x86.Build.0 = Release|Win32
		{1033495F-8742-4732-ABB3-2AEAC4B7D455}.Debug|x64.ActiveCfg = Debug|x64
		{1033495F-8742-4732-ABB3-2AEAC4B7D455}.Debug|x64.Build.0 = Debug|x64
		{1033495F-8742-4732-ABB3-2AEAC4B7D455}.Debug|x86.ActiveCfg = Debug|Win32
		{1033495F-8742-4732-ABB3-2AEAC4B7D455}.Debug|x86.Build.0 = Debug|Win32
		{1033495F-8742-4732-ABB3-2AEAC4B7D455}.Release|x64.ActiveCfg = Release|x64
		{1033495F-8742-4732-ABB3-2AEAC4B7D455}.Release|x64.Build.0 = Release|x64
		{1033495F-8742-4732-ABB3-2AEAC4B7D455}.Release|x86.ActiveCfg = Release|Win32
		{1033495F-8742-4732-ABB3-2AEAC4B7D455}.Release|x86.Build.0 = Release|Win32
		{E71B0D6C-7DDC-49E4-A836-6F7715B0CA5F}.Debug|x64.ActiveCfg = Debug|x64
		{E71B0D6C-7DDC-49E4-A836-6F7715B0CA5F}.Debug|x64.Build.0 = Debug|x64
		{E71B0D6C-7DDC-49E4-A836-6F7715B0CA5F}.Debug|x86.ActiveCfg = Debug|Win32
		{E71B0D6C-7DDC-49E4-A836-6F7715B0CA5F}.Debug|x86.Build.0 = Debug|Win32
		{E71B0D6C-7DDC-49E4-A836-6F7715B0CA5F}.Release|x64.ActiveCfg = Release|x64
		{E71B0D6C-7DDC-49E4-A836-6F7715B0CA5F}.Release|x64.Build.0 = Release|x64
		{E71B0D6C-7DDC-49E4-A836-6F7715B0CA5F}.Release|x86.ActiveCfg = Release|Win32
		{E71B0D6C-7DDC-49E4-A836-6F7715B0CA5F}.Release|x86.Build.0 = Release|Win32
		{103B7942-4EE7-4B84-B618-AC4F029D3505}.Debug|x64.ActiveCfg = Debug|x64
		{103B7942-4EE7-4B84-B618-AC4F029D3505}.Debug|x64.Build.0 = Debug|x64
		{103B7942-4EE7-4B84-B618-AC4F029D3505}.Debug|x86.ActiveCfg = Debug|Win32
		{103B7942-4EE7-4B84-B618-AC4F029D3505}.Debug|x86.Build.0 = Debug|Win32
		{103B7942-4EE7-4B84-B618-AC4F029D3505}.Release|x64.ActiveCfg = Release|x64
		{103B7942-4EE7-4B84-B618-AC4F029D3505}.Release|x64.Build.0 = Release|x64
		{103B7942-4EE7-4B84-B618-AC4F029D3505}.Release|x86.ActiveCfg = Release|Win32
		{103B7942-4EE7-4B84-B618-AC4F029D3505}.Release|x86.Build.0 = Release|Win32
		{02BF5172-A143-44D4-9652-782C93180607}.Debug|x64.ActiveCfg = Debug|x64
		{02BF5172-A143-44D4-9652-782C93180607}.Debug|x64.Build.0 = Debug|x64
		{02BF5172-A143-44D4-9652-782C93180607}.Debug|x86.ActiveCfg = Debug|Win32
		{02BF5172-A143-44D4-9652-782C93180607}.Debug|x86.Build.0 = Debug|Win32
		{02BF5172-A143-44D4-9652-782C93180607}.Release|x64.ActiveCfg = Release|x64
		{02BF5172-A143-44D4-9652-782C93180607}.Release|x64.Build.0 = Release|x64
		{02BF5172-A143-44D4-9652-782C93180607}.Release|x86.ActiveCfg = Release|Win32
		{02BF5172-A143-44D4-9652-782C93180607}.Release|x86.Build.0 = Release|Win32
		{5B3784DB-D669-4560-9637-F3085A645FE2}.Debug|x64.ActiveCfg = Debug|x64
		{5B3784DB-D669-4560-9637-F3085A645FE2}.Debug|x64.Build.0 = Debug|x64
		{5B3784DB-D669-4560-9637-F3085A645FE2}.Debug|x86.ActiveCfg = Debug|Win32
		{5B3784DB-D669-4560-9637-F3085A645FE2}.Debug|x86.Build.0 = Debug|Win32
		{5B3784DB-D669-4560-9637-F3085A645FE2}.Release|x64.ActiveCfg = Release|x64
		{5B3784DB-D669-4560-9637-F3085A645FE2}.Release|x64.Build.0 = Release|x64
		{5B3784DB-D669-4560-9637-F3085A645FE2}.Release|x86.ActiveCfg = Release|Win32
		{5B3784DB-D669-4560-9637-F3085A645FE2}.Release|x86.Build.0 = Release|Win32
		{750871D2-087B-491A-8848-4E00538EFD08}.Debug|x64.ActiveCfg = Debug|x64
		{750871D2-087B-491A-8848-4E00538EFD08}.Debug|x64.Build.0 = Debug|x64
		{750871D2-087B-491A-8848-4E00538EFD08}.Debug|x86.ActiveCfg = Debug|Win32
		{750871D2-087B-491A-8848-4E00538EFD08}.Debug|x86.Build.0 = Debug|Win32
		{750871D2-087B-491A-8848-4E00538EFD08}.Release|x64.ActiveCfg = Release|x64
		{750871D2-087B-491A-8848-4E00538EFD08}.Release|x64.Build.0 = Release|x64
		{750871D2-087B-491A-8848-4E00538EFD08}.Release|x86.ActiveCfg = Release|Win32
		{750871D2-087B-491A-8848-4E00538EFD08}.Release|x86.Build.0 = Release|Win32
		{4E08A8E2-381D-41BA-9B7E-AE3FD92A5D6E}.Debug|x64.ActiveCfg = Debug|x64
		{4E08A8E2-381D-41BA-9B7E-AE3FD92A5D6E}.Debug|x64.Build.0 = Debug|x64
		{4E08A8E2-381D-41BA-9B7E-AE3FD92A5D6E}.Debug|x86.ActiveCfg = Debug|Win32
		{4E08A8E2-381D-41BA-9B7E-AE3FD92A5D6E}.Debug|x86.Build.0 = Debug|Win32
		{4E08A8E2-381D-41BA-9B7E-AE3FD92A5D6E}.Release|x64.ActiveCfg = Release|x64
		{4E08A8E2-381D-41BA-9B7E-AE3FD92A5D6E}.Release|x64.Build.0 = Release|x64
		{4E08A8E2-381D-41BA-9B7E-AE3FD92A5D6E}.Release|x86.ActiveCfg = Release|Win32
		{4E08A8E2-381D-41BA-9B7E-AE3FD92A5D6E}.Release|x86.Build.0 = Release|Win32
		{6BA2A275-0C81-4B2D-94AC-61AA599B737F}.Debug|x64.ActiveCfg = Debug|x64
		{6BA2A275-0C81-4B2D-94AC-61AA599B737F}.Debug|x64.Build.0 = Debug|x64
		{6BA2A275-0C81-4B2D-94AC-61AA599B737F}.Debug|x86.ActiveCfg = Debug|Win32
		{6BA2A275-0C81-4B2D-94AC-61AA599B737F}.Debug|x86.Build.0 = Debug|Win32
		{6BA2A275-0C81-4B2D-94AC-61AA599B737F}.Release|x64.ActiveCfg = Release|x64
		{6BA2A275-0C81-4B2D-94AC-61AA599B737F}.Release|x64.Build.0 = Release|x64
		{6BA2A275-0C81-4B2D-94AC-61AA599B737F}.Release|x86.ActiveCfg = Release|Win32
		{6BA2A275-0C81-4B2D-94AC-61AA599B737F}.Release|x86.Build.0 = Release|Win32
		{E9CA35B9-0728-44A9-859C-C4D85DBCA3F1}.Debug|x64.ActiveCfg = Debug|x64
		{E9CA35B9-0728-44A9-859C-C4D85DBCA3F1}.Debug|x64.Build.0 = Debug|x64
		{E9CA35B9-0728-44A9-859C-C4D85DBCA3F1}.Debug|x86.ActiveCfg = Debug|Win32
		{E9CA35B9-0728-44A9-859C-C4D85DBCA3F1}.Debug|x86.Build.0 = Debug|Win32
		{E9CA35B9-0728-44A9-859C-C4D85DBCA3F1}.Release|x64.ActiveCfg = Release|x64
		{E9CA35B9-0728-44A9-859C-C4D85DBCA3F1}.Release|x64.Build.0 = Release|x64
		{E9CA35B9-0728-44A9-859C-C4D85DBCA3F1}.Release|x86.ActiveCfg = Release|Win32
		{E9CA35B9-0728-44A9-859C-C4D85DBCA3F1}.Release|x86.Build.0 = Release|Win32
		{457DE3B3-E997-4FAC-A692-456ACEA28E83}.Debug|x64.ActiveCfg = Debug|x64
		{457DE3B3-E997-4FAC-A692-456ACEA28E83}.Debug|x64.Build.0 = Debug|x64
		{457DE3B3-E997-4FAC-A692-456ACEA28E83}.Debug|x86.ActiveCfg = Debug|Win32
		{457DE3B3-E997-4FAC-A692-456ACEA28E83}.Debug|x86.Build.0 = Debug|Win32
		{457DE3B3-E997-4FAC-A692-456ACEA28E83}.Release|x64.ActiveCfg = Release|x64
		{457DE3B3-E997-4FAC-A692-456ACEA28E83}.Release|x64.Build.0 = Release|x64
		{457DE3B3-E997-4FAC-A692-456ACEA28E83}.Release|x86.ActiveCfg = Release|Win32
		{457DE3B3-E997-4FAC-A692-456ACEA28E83}.Release|x86.Build.0 = Release|Win32
		{912CD8FC-9D11-4E6D-9846-0E7CA5E24F48}.Debug|x64.ActiveCfg = Debug|x64
		{912CD8FC-9D11-4E6D-9846-0E7CA5E24F48}.Debug|x64.Build.0 = Debug|x64
		{912CD8FC-9D11-4E6D-9846-0E7CA5E24F48}.Debug|x86.ActiveCfg = Debug|Win32
		{912CD8FC-9D11-4E6D-9846-0E7CA5E24F48}.Debug|x86.Build.0 = Debug|Win32
		{912CD8FC-9D11-4E6D-9846-0E7CA5E24F48}.Release|x64.ActiveCfg = Release|x64
		{912CD8FC-9D11-4E6D-9846-0E7CA5E24F48}.Release|x64.Build.0 = Release|x64
		{912CD8FC-9D11-4E6D-9846-0E7CA5E24F48}.Release|x86.ActiveCfg = Release|Win32
		{912CD8FC-9D11-4E6D-9846-0E7CA5E24F48}.Release|x86.Build.0 = Release|Win32
		{CA50B462-8EF1-4BCA-99B3-158249535250}.Debug|x64.ActiveCfg = Debug|x64
		{CA50B462-8EF1-4BCA-99B3-158249535250}.Debug|x64.Build.0 = Debug|x64
		{CA50B462-8EF1-4BCA-99B3-158249535250}.Debug|x86.ActiveCfg = Debug|Win32
		{CA50B462-8EF1-4BCA-99B3-158249535250}.Debug|x86.Build.0 = Debug|Win32
		{CA50B462-8EF1-4BCA-99B3-158249535250}.Release|x64.ActiveCfg = Release|x64
		{CA50B462-8EF1-4BCA-99B3-158249535250}.Release|x64.Build.0 = Release|x64
		{CA50B462-8EF1-4BCA-99B3-158249535250}.Release|x86.ActiveCfg = Release|Win32
		{CA50B462-8EF1-4BCA-99B3-158249535250}.Release|x86.Build.0 = Release|Win32
		{3B0E0ECF-77A7-401E-8DD2-E1DCF533CFB0}.Debug|x64.ActiveCfg = Debug|x64
		{3B0E0ECF-77A7-401E-8DD2-E1DCF533CFB0}.Debug|x64.Build.0 = Debug|x64
		{3B0E0ECF-77A7-401E-8DD2-E1DCF533CFB0}.Debug|x86.ActiveCfg = Debug|Win32
		{3B0E0ECF-77A7-401E-8DD2-E1DCF533CFB0}.Debug|x86.Build.0 = Debug|Win32
		{3B0E0ECF-77A7-401E-8DD2-E1DCF533CFB0}.Release|x64.ActiveCfg = Release|x64
		{3B0E0ECF-77A7-401E-8DD2-E1DCF533CFB0}.Release|x64.Build.0 = Release|x64
		{3B0E0ECF-77A7-401E-8DD2-E1DCF533CFB0}.Release|x86.ActiveCfg = Release|Win32
		{3B0E0ECF-77A7-401E-8DD2-E1DCF533CFB0}.Release|x86.Build.0 = Release|Win32
		{77A86E59-7AF0-4933-A057-00FEEAAF8131}.Debug|x64.ActiveCfg = Debug|x64
		{77A86E59-7AF0-4933-A057-00FEEAAF8131}.Debug|x64.Build.0 = Debug|x64
		{77A86E59-7AF0-4933-A057-00FEEAAF8131}.Debug|x86.ActiveCfg = Debug|Win32
		{77A86E59-7AF0-4933-A057-00FEEAAF8131}.Debug|x86.Build.0 = Debug|Win32
		{77A86E59-7AF0-4933-A057-00FEEAAF8131}.Release|x64.ActiveCfg = Release|x64
		{77A86E59-7AF0-4933-A057-00FEEAAF8131}.Release|x64.Build.0 = Release|x64
		{77A86E59-7AF0-4933-A057-00FEEAAF8131}.Release|x86.ActiveCfg = Release|Win32
		{77A86E59-7AF0-4933-A057-00FEEAAF8131}.Release|x86.Build.0 = Release|Win32
		{5380F738-68F7-42BB-8107-67A93E87BB60}.Debug|x64.ActiveCfg = Debug|x64
		{5380F738-68F7-42BB-8107-67A93E87BB60}.Debug|x64.Build.0 = Debug|x64
		{5380F738-68F7-42BB-8107-67A93E87BB60}.Debug|x86.ActiveCfg = Debug|Win32
		{5380F738-68F7-42BB-8107-67A93E87BB60}.Debug|x86.Build.0 = Debug|Win32
		{5380F738-68F7-42BB-8107-67A93E87BB60}.Release|x64.ActiveCfg = Release|x64
		{5380F738-68F7-42BB-8107-67A93E87BB60}.Release|x64.Build.0 = Release|x64
		{5380F738-68F7-42BB-8107-67A93E87BB60}.Release|x86.ActiveCfg = Release|Win32
		{5380F738-68F7-42BB-8107-67A93E87BB60}.Release|x86.Build.0 = Release|Win32
		{25705715-A0AB-4773-9913-EFC0219D976E}.Debug|x64.ActiveCfg = Debug|x64
		{25705715-A0AB-4773-9913-EFC0219D976E}.Debug|x64.Build.0 = Debug|x64
		{25705715-A0AB-4773-9913-EFC0219D976E}.Debug|x86.ActiveCfg = Debug|Win32
		{25705715-A0AB-4773-9913-EFC0219D976E}.Debug|x86.Build.0 = Debug|Win32
		{25705715-A0AB-4773-9913-EFC0219D976E}.Release|x64.ActiveCfg = Release|x64
		{25705715-A0AB-4773-9913-EFC0219D976E}.Release|x64.Build.0 = Release|x64
		{25705715-A0AB-4773-9913-EFC0219D976E}.Release|x86.ActiveCfg = Release|Win32
		{25705715-A0AB-4773-9913-EFC0219D976E}.Release|x86.Build.0 = Release|Win32
		{CB706286-3FD5-4829-9AC3-A12BC3D19D03}.Debug|x64.ActiveCfg = Debug|x64
		{CB706286-3FD5-4829-9AC3-A12BC3D19D03}.Debug|x64.Build.0 = Debug|x64
		{CB706286-3FD5-4829-9AC3-A12BC3D19D03}.Debug|x86.ActiveCfg = Debug|Win32
		{CB706286-3FD5-4829-9AC3-A12BC3D19D03}.Debug|x86.Build.0 = Debug|Win32
		{CB706286-3FD5-4829-9AC3-A12BC3D19D03}.Release|x64.ActiveCfg = Release|x64
		{CB706286-3FD5-4829-9AC3-A12BC3D19D03}.Release|x64.Build.0 = Release|x64
		{CB706286-3FD5-4829-9AC3-A12BC3D19D03}.Release|x86.ActiveCfg = Release|Win32
		{CB706286-3FD5-4829-9AC3-A12BC3D19D03}.Release|x86.Build.0 = Release|Win32
		{7A6B07A4-3F24-4905-B144-8705769745F3}.Debug|x64.ActiveCfg = Debug|x64
		{7A6B07A4-3F24-4905-B144-8705769745F3}.Debug|x64.Build.0 = Debug|x64
		{7A6B07A4-3F24-4905-B144-8705769745F3}.Debug|x86.ActiveCfg = Debug|Win32
		{7A6B07A4-3F24-4905-B144-8705769745F3}.Debug|x86.Build.0 = Debug|Win32
		{7A6B07A4-3F24-4905-B144-8705769745F3}.Release|x64.ActiveCfg = Release|x64
		{7A6B07A4-3F24-4905-B144-8705769745F3}.Release|x64.Build.0 = Release|x64
		{7A6B07A4-3F24-4905-B144-8705769745F3}.Release|x86.ActiveCfg = Release|Win32
		{7A6B07A4-3F24-4905-B144-8705769745F3}.Release|x86.Build.0 = Release|Win32
		{AE995495-070E-45A5-AA4E-B230749990D8}.Debug|x64.ActiveCfg = Debug|x64
		{AE995495-070E-45A5-AA4E-B230749990D8}.Debug|x64.Build.0 = Debug|x64
		{AE995495-070E-45A5-AA4E-B230749990D8}.Debug|x86.ActiveCfg = Debug|Win32
		{AE995495-070E-45A5-AA4E-B230749990D8}.Debug|x86.Build.0 = Debug|Win32
		{AE995495-070E-45A5-AA4E-B230749990D8}.Release|x64.ActiveCfg = Release|x64
		{AE995495-070E-45A5-AA4E-B230749990D8}.Release|x64.Build.0 = Release|x64
		{AE995495-070E-45A5-AA4E-B230749990D8}.Release|x86.ActiveCfg = Release|Win32
		{AE995495-070E-45A5-AA4E-B230749990D8}.Release|x86.Build.0 = Release|Win32
		{BFB1EB31-C089-441B-BF69-D479995700A7}.Debug|x64.ActiveCfg = Debug|x64
		{BFB1EB31-C089-441B-BF69-D479995700A7}.Debug|x64.Build.0 = Debug|x64
		{BFB1EB31-C089-441B-BF69-D479995700A7}.Debug|x86.ActiveCfg = Debug|Win32
		{BFB1EB31-C089-441B-BF69-D479995700A7}.Debug|x86.Build.0 = Debug|Win32
		{BFB1EB31-C089-441B-BF69-D479995700A7}.Release|x64.ActiveCfg = Release|x64
		{BFB1EB31-C089-441B-BF69-D479995700A7}.Release|x64.Build.0 = Release|x64
		{BFB1EB31-C089-441B-BF69-D479995700A7}.Release|x86.ActiveCfg = Release|Win32
		{BFB1EB31-C089-441B-BF69-D479995700A7}.Release|x86.Build.0 = Release|Win32
		{B823F966-79E5-4AFC-9754-ADF4DEE1EAB0}.Debug|x64.ActiveCfg = Debug|x64
		{B823F966-79E5-4AFC-9754-ADF4DEE1EAB0}.Debug|x64.Build.0 = Debug|x64
		{B823F966-79E5-4AFC-9754-ADF4DEE1EAB0}.Debug|x86.ActiveCfg = Debug|Win32
		{B823F966-79E5-4AFC-9754-ADF4DEE1EAB0}.Debug|x86.Build.0 = Debug|Win32
		{B823F966-79E5-4AFC-9754-ADF4DEE1EAB0}.Release|x64.ActiveCfg = Release|x64
		{B823F966-79E5-4AFC-9754-ADF4DEE1EAB0}.Release|x64.Build.0 = Release|x64
		{B823F966-79E5-4AFC-9754-ADF4DEE1EAB0}.Release|x86.ActiveCfg = Release|Win32
		{B823F966-79E5-4AFC-9754-ADF4DEE1EAB0}.Release|x86.Build.0 = Release|Win32
		{30045EA6-20A8-4578-87F0-C558C2FF04BD}.Debug|x64.ActiveCfg = Debug|x64
		{30045EA6-20A8-4578-87F0-C558C2FF04BD}.Debug|x64.Build.0 = Debug|x64
		{30045EA6-20A8-4578-87F0-C558C2FF04BD}.Debug|x86.ActiveCfg = Debug|Win32
		{30045EA6-20A8-4578-87F0-C558C2FF04BD}.Debug|x86.Build.0 = Debug|Win32
		{30045EA6-20A8-4578-87F0-C558C2FF04BD}.Release|x64.ActiveCfg = Release|x64
		{30045EA6-20A8-4578-87F0-C558C2FF04BD}.Release|x64.Build.0 = Release|x64
		{30045EA6-20A8-4578-87F0-C558C2FF04BD}.Release|x86.ActiveCfg = Release|Win32
		{30045EA6-20A8-4578-87F0-C558C2FF04BD}.Release|x86.Build.0 = Release|Win32
		{AA25F959-61B6-422D-9B09-BE1745ACC2EB}.Debug|x64.ActiveCfg = Debug|x64
		{AA25F959-61B6-422D-9B09-BE1745ACC2EB}.Debug|x64.Build.0 = Debug|x64
		{AA25F959-61B6-422D-9B09-BE1745ACC2EB}.Debug|x86.ActiveCfg = Debug|Win32
		{AA25F959-61B6-422D-9B09-BE1745ACC2EB}.Debug|x86.Build.0 = Debug|Win32
		{AA25F959-61B6-422D-9B09-BE1745ACC2EB}.Release|x64.ActiveCfg = Release|x64
		{AA25F959-61B6-422D-9B09-BE1745ACC2EB}.Release|x64.Build.0 = Release|x64
		{AA25F959-61B6-422D-9B09-BE1745ACC2EB}.Release|x86.ActiveCfg = Release|Win32
		{AA25F959-61B6-422D-9B09-BE1745ACC2EB}.Release|x86.Build.0 = Release|Win32
		{D56A4551-19AD-4BD4-ABE7-AE9DDA476A80}.Debug|x64.ActiveCfg = Debug|x64
		{D56A4551-19AD-4BD4-ABE7-AE9DDA476A80}.Debug|x64.Build.0 = Debug|x64
		{D56A4551-19AD-4BD4-ABE7-AE9DDA476A80}.Debug|x86.ActiveCfg = Debug|Win32
		{D56A4551-19AD-4BD4-ABE7-AE9DDA476A80}.Debug|x86.Build.0 = Debug|Win32
		{D56A4551-19AD-4BD4-ABE7-AE9DDA476A80}.Release|x64.ActiveCfg = Release|x64
		{D56A4551-19AD-4BD4-ABE7-AE9DDA476A80}.Release|x64.Build.0 = Release|x64
		{D56A4551-19AD-4BD4-ABE7-AE9DDA476A80}.Release|x86.ActiveCfg = Release|Win32
		{D56A4551-19AD-4BD4-ABE7-AE9DDA476A80}.Release|x86.Build.0 = Release|Win32
		{69C41EA4-F18A-4D7C-A8F2-D7AE900BF4E7}.Debug|x64.ActiveCfg = Debug|x64
		{69C41EA4-F18A-4D7C-A8F2-D7AE900BF4E7}.Debug|x64.Build.0 = Debug|x64
		{69C41EA4-F18A-4D7C-A8F2-D7AE900BF4E7}.Debug|x86.ActiveCfg = Debug|Win32
		{69C41EA4-F18A-4D7C-A8F2-D7AE900BF4E7}.Debug|x86.Build.0 = Debug|Win32
		{69C41EA4-F18A-4D7C-A8F2-D7AE900BF4E7}.Release|x64.ActiveCfg = Release|x64
		{69C41EA4-F18A-4D7C-A8F2-D7AE900BF4E7}.Release|x64.Build.0 = Release|x64
		{69C41EA4-F18A-4D7C-A8F2-D7AE900BF4E7}.Release|x86.ActiveCfg = Release|Win32
		{69C41EA4-F18A-4D7C-A8F2-D7AE900BF4E7}.Release|x86.Build.0 = Release|Win32
		{854D42C0-F279-4C79-AE7B-36F4EE6EC268}.Debug|x64.ActiveCfg = Debug|x64
		{854D42C0-F279-4C79-AE7B-36F4EE6EC268}.Debug|x64.Build.0 = Debug|x64
		{854D42C0-F279-4C79-AE7B-36F4EE6EC268}.Debug|x86.ActiveCfg = Debug|Win32
		{854D42C0-F279-4C79-AE7B-36F4EE6EC268}.Debug|x86.Build.0 = Debug|Win32
		{854D42C0-F279-4C79-AE7B-36F4EE6EC268}.Release|x64.ActiveCfg = Release|x64
		{854D42C0-F279-4C79-AE7B-36F4EE6EC268}.Release|x64.Build.0 = Release|x64
		{854D42C0-F279-4C79-AE7B-36F4EE6EC268}.Release|x86.ActiveCfg = Release|Win32
		{854D42C0-F279-4C79-AE7B-36F4EE6EC268}.Release|x86.Build.0 = Release|Win32
		{E093B155-A62B-40D8-8AF4-F57B604F888A}.Debug|x64.ActiveCfg = Debug|x64
		{E093B155-A62B-40D8-8AF4-F57B604F888A}.Debug|x64.Build.0 = Debug|x64
		{E093B155-A62B-40D8-8AF4-F57B604F888A}.Debug|x86.ActiveCfg = Debug|Win32
		{E093B155-A62B-40D8-8AF4-F57B604F888A}.Debug|x86.Build.0 = Debug|Win32
		{E093B155-A62B-40D8-8AF4-F57B604F888A}.Release|x64.ActiveCfg = Release|x64
		{E093B155-A62B-40D8-8AF4-F57B604F888A}.Release|x64.Build.0 = Release|x64
		{E093B155-A62B-40D8-8AF4-F57B604F888A}.Release|x86.ActiveCfg = Release|Win32
		{E093B155-A62B-40D8-8AF4-F57B604F888A}.Release|x86.Build.0 = Release|Win32
		{062C21ED-6E85-4706-93FA-B004E54980BA}.Debug|x64.ActiveCfg = Debug|x64
		{062C21ED-6E85-4706-93FA-B004E54980BA}.Debug|x64.Build.0 = Debug|x64
		{062C21ED-6E85-4706-93FA-B004E54980BA}.Debug|x86.ActiveCfg = Debug|Win32
		{062C21ED-6E85-4706-93FA-B004E54980BA}.Debug|x86.Build.0 = Debug|Win32
		{062C21ED-6E85-4706-93FA-B004E54980BA}.Release|x64.ActiveCfg = Release|x64
		{062C21ED-6E85-4706-93FA-B004E54980BA}.Release|x64.Build.0 = Release|x64
		{062C21ED-6E85-4706-93FA-B004E54980BA}.Release|x86.ActiveCfg = Release|Win32
		{062C21ED-6E85-4706-93FA-B004E54980BA}.Release|x86.Build.0 = Release|Win32
		{C67F3B48-FA38-4991-A148-C5994F4E29F5}.Debug|x64.ActiveCfg = Debug|x64
		{C67F3B48-FA38-4991-A148-C5994F4E29F5}.Debug|x64.Build.0 = Debug|x64
		{C67F3B48-FA38-4991-A148-C5994F4E29F5}.Debug|x86.ActiveCfg = Debug|Win32
		{C67F3B48-FA38-4991-A148-C5994F4E29F5}.Debug|x86.Build.0 = Debug|Win32
		{C67F3B48-FA38-4991-A148-C5994F4E29F5}.Release|x64.ActiveCfg = Release|x64
		{C67F3B48-FA38-4991-A148-C5994F4E29F5}.Release|x64.Build.0 = Release|x64
		{C67F3B48-FA38-4991-A148-C5994F4E29F5}.Release|x86.ActiveCfg = Release|Win32
		{C67F3B48-FA38-4991-A148-C5994F4E29F5}.Release|x86.Build.0 = Release|Win32
		{92862FA7-FCD9-4916-88C7-08640555E07E}.Debug|x64.ActiveCfg = Debug|x64
		{92862FA7-FCD9-4916-88C7-08640555E07E}.Debug|x64.Build.0 = Debug|x64
		{92862FA7-FCD9-4916-88C7-08640555E07E}.Debug|x86.ActiveCfg = Debug|Win32
		{92862FA7-FCD9-4916-88C7-08640555E07E}.Debug|x86.Build.0 = Debug|Win32
		{92862FA7-FCD9-4916-88C7-08640555E07E}.Release|x64.ActiveCfg = Release|x64
		{92862FA7-FCD9-4916-88C7-08640555E07E}.Release|x64.Build.0 = Release|x64
		{92862FA7-FCD9-4916-88C7-08640555E07E}.Release|x86.ActiveCfg = Release|Win32
		{92862FA7-FCD9-4916-88C7-08640555E07E}.Release|x86.Build.0 = Release|Win32
		{65A46B87-AABD-4D71-8670-1594173B23E6}.Debug|x64.ActiveCfg = Debug|x64
		{65A46B87-AABD-4D71-8670-1594173B23E6}.Debug|x64.Build.0 = Debug|x64
		{65A46B87-AABD-4D71-8670-1594173B23E6}.Debug|x86.ActiveCfg = Debug|Win32
		{65A46B87-AABD-4D71-8670-1594173B23E6}.Debug|x86.Build.0 = Debug|Win32
		{65A46B87-AABD-4D71-8670-1594173B23E6}.Release|x64.ActiveCfg = Release|x64
		{65A46B87-AABD-4D71-8670-1594173B23E6}.Release|x64.Build.0 = Release|x64
		{65A46B87-AABD-4D71-8670-1594173B23E6}.Release|x86.ActiveCfg = Release|Win32
		{65A46B87-AABD-4D71-8670-1594173B23E6}.Release|x86.Build.0 = Release|Win32
		{888B7915-27EF-4F7E-BAFC-FBC51D44383E}.Debug|x64.ActiveCfg = Debug|x64
		{888B7915-27EF-4F7E-BAFC-FBC51D44383E}.Debug|x64.Build.0 = Debug|x64
		{888B7915-27EF-4F7E-BAFC-FBC51D44383E}.Debug|x86.ActiveCfg = Debug|Win32
		{888B7915-27EF-4F7E-BAFC-FBC51D44383E}.Debug|x86.Build.0 = Debug|Win32
		{888B7915-27EF-4F7E-BAFC-FBC51D44383E}.Release|x64.ActiveCfg = Release|x64
		{888B7915-27EF-4F7E-BAFC-FBC51D44383E}.Release|x64.Build.0 = Release|x64
		{888B7915-27EF-4F7E-BAFC-FBC51D44383E}.Release|x86.ActiveCfg = Release|Win32
		{888B7915-27EF-4F7E-BAFC-FBC51D44383E}.Release|x86.Build.0 = Release|Win32
		{5EE95B7E-3E66-4736-B733-53C515E1B19C}.Debug|x64.ActiveCfg = Debug|x64
		{5EE95B7E-3E66-4736-B733-53C515E1B19C}.Debug|x64.Build.0 = Debug|x64
		{5EE95B7E-3E66-4736-B733-53C515E1B19C}.Debug|x86.ActiveCfg = Debug|Win32
		{5EE95B7E-3E66-4736-B733-53C515E1B19C}.Debug|x86.Build.0 = Debug|Win32
		{5EE95B7E-3E66-4736-B733-53C515E1B19C}.Release|x64.ActiveCfg = Release|x64
		{5EE95B7E-3E66-4736-B733-53C515E1B19C}.Release|x64.Build.0 = Release|x64
		{5EE95B7E-3E66-4736-B733-53C515E1B19C}.Release|x86.ActiveCfg = Release|Win32
		{5EE95B7E-3E66-4736-B733-53C515E1B19C}.Release|x86.Build.0 = Release|Win32
		{7EF6187C-6AF3-4EAF-BA9A-B1100265CEB6}.Debug|x64.ActiveCfg = Debug|x64
		{7EF6187C-6AF3-4EAF-BA9A-B1100265CEB6}.Debug|x64.Build.0 = Debug|x64
		{7EF6187C-6AF3-4EAF-BA9A-B1100265CEB6}.Debug|x86.ActiveCfg = Debug|Win32
		{7EF6187C-6AF3-4EAF-BA9A-B1100265CEB6}.Debug|x86.Build.0 = Debug|Win32
		{7EF6187C-6AF3-4EAF-BA9A-B1100265CEB6}.Release|x64.ActiveCfg = Release|x64
		{7EF6187C-6AF3-4EAF-BA9A-B1100265CEB6}.Release|x64.Build.0 = Release|x64
		{7EF6187C-6AF3-4EAF-BA9A-B1100265CEB6}.Release|x86.ActiveCfg = Release|Win32
		{7EF6187C-6AF3-4EAF-BA9A-B1100265CEB6}.Release|x86.Build.0 = Release|Win32
		{46A0AAC7-F5C8-457F-9D78-82C747EC354F}.Debug|x64.ActiveCfg = Debug|x64
		{46A0AAC7-F5C8-457F-9D78-82C747EC354F}.Debug|x64.Build.0 = Debug|x64
		{46A0AAC7-F5C8-457F-9D78-82C747EC354F}.Debug|x86.ActiveCfg = Debug|Win32
		{46A0AAC7-F5C8-457F-9D78-82C747EC354F}.Debug|x86.Build.0 = Debug|Win32
		{46A0AAC7-F5C8-457F-9D78-82C747EC354F}.Release|x64.ActiveCfg = Release|x64
		{46A0AAC7-F5C8-457F-9D78-82C747EC354F}.Release|x64.Build.0 = Release|x64
		{46A0AAC7-F5C8-457F-9D78-82C747EC354F}.Release|x86.ActiveCfg = Release|Win32
		{46A0AAC7-F5C8-457F-9D78-82C747EC354F}.Release|x86.Build.0 = Release|Win32
		{C3677EDD-C552-4E2E-B80F-942571F7DA25}.Debug|x64.ActiveCfg = Debug|x64
		{C3677EDD-C552-4E2E-B80F-942571F7DA25}.Debug|x64.Build.0 = Debug|x64
		{C3677EDD-C552-4E2E-B80F-942571F7DA25}.Debug|x86.ActiveCfg = Debug|Win32
		{C3677EDD-C552-4E2E-B80F-942571F7DA25}.Debug|x86.Build.0 = Debug|Win32
		{C3677EDD-C552-4E2E-B80F-942571F7DA25}.Release|x64.ActiveCfg = Release|x64
		{C3677EDD-C552-4E2E-B80F-942571F7DA25}.Release|x64.Build.0 = Release|x64
		{C3677EDD-C552-4E2E-B80F-942571F7DA25}.Release|x86.ActiveCfg = Release|Win32
		{C3677EDD-C552-4E2E-B80F-942571F7DA25}.Release|x86.Build.0 = Release|Win32
		{9DACE076-F52F-41FB-BB1C-0EBD189F6D35}.Debug|x64.ActiveCfg = Debug|x64
		{9DACE076-F52F-41FB-BB1C-0EBD189F6D35}.Debug|x64.Build.0 = Debug|x64
		{9DACE076-F52F-41FB-BB1C-0EBD189F6D35}.Debug|x86.ActiveCfg = Debug|Win32
		{9DACE076-F52F-41FB-BB1C-0EBD189F6D35}.Debug|x86.Build.0 = Debug|Win32
		{9DACE076-F52F-41FB-BB1C-0EBD189F6D35}.Release|x64.ActiveCfg = Release|x64
		{9DACE076-F52F-41FB-BB1C-0EBD189F6D35}.Release|x64.Build.0 = Release|x64
		{9DACE076-F52F-41FB-BB1C-0EBD189F6D35}.Release|x86.ActiveCfg = Release|Win32
		{9DACE076-F52F-41FB-BB1C-0EBD189F6D35}.Release|x86.Build.0 = Release|Win32
		{5DFBDBAA-FFE4-4A56-BEC6-97AD9C23DA6F}.Debug|x64.ActiveCfg = Debug|x64
		{5DFBDBAA-FFE4-4A56-BEC6-97AD9C23DA6F}.Debug|x64.Build.0 = Debug|x64
		{5DFBDBAA-FFE4-4A56-BEC6-97AD9C23DA6F}.Debug|x86.ActiveCfg = Debug|Win32
		{5DFBDBAA-FFE4-4A56-BEC6-97AD9C23DA6F}.Debug|x86.Build.0 = Debug|Win32
		{5DFBDBAA-FFE4-4A56-BEC6-97AD9C23DA6F}.Release|x64.ActiveCfg = Release|x64
		{5DFBDBAA-FFE4-4A56-BEC6-97AD9C23DA6F}.Release|x64.Build.0 = Release|x64
		{5DFBDBAA-FFE4-4A56-BEC6-97AD9C23DA6F}.Release|x86.ActiveCfg = Release|Win32
		{5DFBDBAA-FFE4-4A56-BEC6-97AD9C23DA6F}.Release|x86.Build.0 = Release|Win32
		{80A7446C-37A0-4ADA-AF67-F4BB9FA0027D}.Debug|x64.ActiveCfg = Debug|x64
		{80A7446C-37A0-4ADA-AF67-F4BB9FA0027D}.Debug|x64.Build.0 = Debug|x64
		{80A7446C-37A0-4ADA-AF67-F4BB9FA0027D}.Debug|x86.ActiveCfg = Debug|Win32
		{80A7446C-37A0-4ADA-AF67-F4BB9FA0027D}.Debug|x86.Build.0 = Debug|Win32
		{80A7446C-37A0-4ADA-AF67-F4BB9FA0027D}.Release|x64.ActiveCfg = Release|x64
		{80A7446C-37A0-4ADA-AF67-F4BB9FA0027D}.Release|x64.Build.0 = Release|x64
		{80A7446C-37A0-4ADA-AF67-F4BB9FA0027D}.Release|x86.ActiveCfg = Release|Win32
		{80A7446C-37A0-4ADA-AF67-F4BB9FA0027D}.Release|x86.Build.0 = Release|Win32
		{52F18750-51AF-4030-BBE3-1FB4725E8FF3}.Debug|x64.ActiveCfg = Debug|x64
		{52F18750-51AF-4030-BBE3-1FB4725E8FF3}.Debug|x64.Build.0 = Debug|x64
		{52F18750-51AF-4030-BBE3-1FB4725E8FF3}.Debug|x86.ActiveCfg = Debug|Win32
		{52F18750-51AF-4030-BBE3-1FB4725E8FF3}.Debug|x86.Build.0 = Debug|Win32
		{52F18750-51AF-4030-BBE3-1FB4725E8FF3}.Release|x64.ActiveCfg = Release|x64
		{52F18750-51AF-4030-BBE3-1FB4725E8FF3}.Release|x64.Build.0 = Release|x64
		{52F18750-51AF-4030-BBE3-1FB4725E8FF3}.Release|x86.ActiveCfg = Release|Win32
		{52F18750-51AF-4030-BBE3-1FB4725E8FF3}.Release|x86.Build.0 = Release|Win32
		{9383E54A-2A30-458C-93F6-CAF79296FC8E}.Debug|x64.ActiveCfg = Debug|x64
		{9383E54A-2A30-458C-93F6-CAF79296FC8E}.Debug|x64.Build.0 = Debug|x64
		{9383E54A-2A30-458C-93F6-CAF79296FC8E}.Debug|x86.ActiveCfg = Debug|Win32
		{9383E54A-2A30-458C-93F6-CAF79296FC8E}.Debug|x86.Build.0 = Debug|Win32
		{9383E54A-2A30-458C-93F6-CAF79296FC8E}.Release|x64.ActiveCfg = Release|x64
		{9383E54A-2A30-458C-93F6-CAF79296FC8E}.Release|x64.Build.0 = Release|x64
		{9383E54A-2A30-458C-93F6-CAF79296FC8E}.Release|x86.ActiveCfg = Release|Win32
		{9383E54A-2A30-458C-93F6-CAF79296FC8E}.Release|x86.Build.0 = Release|Win32
		{4BE8BE64-FF25-44FB-84D1-13A2920298A7}.Debug|x64.ActiveCfg = Debug|x64
		{4BE8BE64-FF25-44FB-84D1-13A2920298A7}.Debug|x64.Build.0 = Debug|x64
		{4BE8BE64-FF25-44FB-84D1-13A2920298A7}.Debug|x86.ActiveCfg = Debug|Win32
		{4BE8BE64-FF25-44FB-84D1-13A2920298A7}.Debug|x86.Build.0 = Debug|Win32
		{4BE8BE64-FF25-44FB-84D1-13A2920298A7}.Release|x64.ActiveCfg = Release|x64
		{4BE8BE64-FF25-44FB-84D1-13A2920298A7}.Release|x64.Build.0 = Release|x64
		{4BE8BE64-FF25-44FB-84D1-13A2920298A7}.Release|x86.ActiveCfg = Release|Win32
		{4BE8BE64-FF25-44FB-84D1-13A2920298A7}.Release|x86.Build.0 = Release|Win32
		{6B793393-7CFE-4136-A917-8AB8C4CB0126}.Debug|x64.ActiveCfg = Debug|x64
		{6B793393-7CFE-4136-A917-8AB8C4CB0126}.Debug|x64.Build.0 = Debug|x64
		{6B793393-7CFE-4136-A917-8AB8C4CB0126}.Debug|x86.ActiveCfg = Debug|Win32
		{6B793393-7CFE-4136-A917-8AB8C4CB0126}.Debug|x86.Build.0 = Debug|Win32
		{6B793393-7CFE-4136-A917-8AB8C4CB0126}.Release|x64.ActiveCfg = Release|x64
		{6B793393-7CFE-4136-A917-8AB8C4CB0126}.Release|x64.Build.0 = Release|x64
		{6B793393-7CFE-4136-A917-8AB8C4CB0126}.Release|x86.ActiveCfg = Release|Win32
		{6B793393-7CFE-4136-A917-8AB8C4CB0126}.Release|x86.Build.0 = Release|Win32
		{88A0AA21-4CF0-4D5B-B096-38CEEB759DA6}.Debug|x64.ActiveCfg = Debug|x64
		{88A0AA21-4CF0-4D5B-B096-38CEEB759DA6}.Debug|x64.Build.0 = Debug|x64
		{88A0AA21-4CF0-4D5B-B096-38CEEB759DA6}.Debug|x86.ActiveCfg = Debug|Win32
		{88A0AA21-4CF0-4D5B-B096-38CEEB759DA6}.Debug|x86.Build.0 = Debug|Win32
		{88A0AA21-4CF0-4D5B-B096-38CEEB759DA6}.Release|x64.ActiveCfg = Release|x64
		{88A0AA21-4CF0-4D5B-B096-38CEEB759DA6}.Release|x64.Build.0 = Release|x64
		{88A0AA21-4CF0-4D5B-B096-38CEEB759DA6}.Release|x86.ActiveCfg = Release|Win32
		{88A0AA21-4CF0-4D5B-B096-38CEEB759DA6}.Release|x86.Build.0 = Release|Win32
		{6FCAAB5A-DB44-4AF8-9226-D37E8ECC1306}.Debug|x64.ActiveCfg = Debug|x64
		{6FCAAB5A-DB44-4AF8-9226-D37E8ECC1306}.Debug|x64.Build.0 = Debug|x64
		{6FCAAB5A-DB44-4AF8-9226-D37E8ECC1306}.Debug|x86.ActiveCfg = Debug|Win32
		{6FCAAB5A-DB44-4AF8-9226-D37E8ECC1306}.Debug|x86.Build.0 = Debug|Win32
		{6FCAAB5A-DB44-4AF8-9226-D37E8ECC1306}.Release|x64.ActiveCfg = Release|x64
		{6FCAAB5A-DB44-4AF8-9226-D37E8ECC1306}.Release|x64.Build.0 = Release|x64
		{6FCAAB5A-DB44-4AF8-9226-D37E8ECC1306}.Release|x86.ActiveCfg = Release|Win32
		{6FCAAB5A-DB44-4AF8-9226-D37E8ECC1306}.Release|x86.Build.0 = Release|Win32
		{C9C37509-71AD-42B1-B132-5193D57AFBAE}.Debug|x64.ActiveCfg = Debug|x64
		{C9C37509-71AD-42B1-B132-5193D57AFBAE}.Debug|x64.Build.0 = Debug|x64
		{C9C37509-71AD-42B1-B132-5193D57AFBAE}.Debug|x86.ActiveCfg = Debug|Win32
		{C9C37509-71AD-42B1-B132-5193D57AFBAE}.Debug|x86.Build.0 = Debug|Win32
		{C9C37509-71AD-42B1-B132-5193D57AFBAE}.Release|x64.ActiveCfg = Release|x64
		{C9C37509-71AD-42B1-B132-5193D57AFBAE}.Release|x64.Build.0 = Release|x64
		{C9C37509-71AD-42B1-B132-5193D57AFBAE}.Release|x86.ActiveCfg = Release|Win32
		{C9C37509-71AD-42B1-B132-5193D57AFBAE}.Release|x86.Build.0 = Release|Win32
		{523A411A-9552-4BC5-9681-8AEAD6E71EB5}.Debug|x64.ActiveCfg = Debug|x64
		{523A411A-9552-4BC5-9681-8AEAD6E71EB5}.Debug|x64.Build.0 = Debug|x64
		{523A411A-9552-4BC5-9681-8AEAD6E71EB5}.Debug|x86.ActiveCfg = Debug|Win32
		{523A411A-9552-4BC5-9681-8AEAD6E71EB5}.Debug|x86.Build.0 = Debug|Win32
		{523A411A-9552-4BC5-9681-8AEAD6E71EB5}.Release|x64.ActiveCfg = Release|x64
		{523A411A-9552-4BC5-9681-8AEAD6E71EB5}.Release|x64.Build.0 = Release|x64
		{523A411A-9552-4BC5-9681-8AEAD6E71EB5}.Release|x86.ActiveCfg = Release|Win32
		{523A411A-9552-4BC5-9681-8AEAD6E71EB5}.Release|x86.Build.0 = Release|Win32
		{D646EF99-A08E-49C8-A531-A28C058CDA62}.Debug|x64.ActiveCfg = Debug|x64
		{D646EF99-A08E-49C8-A531-A28C058CDA62}.Debug|x64.Build.0 = Debug|x64
		{D646EF99-A08E-49C8-A531-A28C058CDA62}.Debug|x86.ActiveCfg = Debug|Win32
		{D646EF99-A08E-49C8-A531-A28C058CDA62}.Debug|x86.Build.0 = Debug|Win32
		{D646EF99-A08E-49C8-A531-A28C058CDA62}.Release|x64.ActiveCfg = Release|x64
		{D646EF99-A08E-49C8-A531-A28C058CDA62}.Release|x64.Build.0 = Release|x64
		{D646EF99-A08E-49C8-A531-A28C058CDA62}.Release|x86.ActiveCfg = Release|Win32
		{D646EF99-A08E-49C8-A531-A28C058CDA62}.Release|x86.Build.0 = Release|Win32
		{77E84D26-683F-4DBA-8A86-5323BA8384F5}.Debug|x64.ActiveCfg = Debug|x64
		{77E84D26-683F-4DBA-8A86-5323BA8384F5}.Debug|x64.Build.0 = Debug|x64
		{77E84D26-683F-4DBA-8A86-5323BA8384F5}.Debug|x86.ActiveCfg = Debug|Win32
		{77E84D26-683F-4DBA-8A86-5323BA8384F5}.Debug|x86.Build.0 = Debug|Win32
		{77E84D26-683F-4DBA-8A86-5323BA8384F5}.Release|x64.ActiveCfg = Release|x64
		{77E84D26-683F-4DBA-8A86-5323BA8384F5}.Release|x64.Build.0 = Release|x64
		{77E84D26-683F-4DBA-8A86-5323BA8384F5}.Release|x86.ActiveCfg = Release|Win32
		{77E84D26-683F-4DBA-8A86-5323BA8384F5}.Release|x86.Build.0 = Release|Win32
		{02E0D8F8-0202-4312-9278-765816FEE5B4}.Debug|x64.ActiveCfg = Debug|x64
		{02E0D8F8-0202-4312-9278-765816FEE5B4}.Debug|x64.Build.0 = Debug|x64
		{02E0D8F8-0202-4312-9278-765816FEE5B4}.Debug|x86.ActiveCfg = Debug|Win32
		{02E0D8F8-0202-4312-9278-765816FEE5B4}.Debug|x86.Build.0 = Debug|Win32
		{02E0D8F8-0202-4312-9278-765816FEE5B4}.Release|x64.ActiveCfg = Release|x64
		{02E0D8F8-0202-4312-9278-765816FEE5B4}.Release|x64.Build.0 = Release|x64
		{02E0D8F8-0202-4312-9278-765816FEE5B4}.Release|x86.ActiveCfg = Release|Win32
		{02E0D8F8-0202-4312-9278-765816FEE5B4}.Release|x86.Build.0 = Release|Win32
		{B1DF403D-2DD1-4C77-BC9B-9A68621C6620}.Debug|x64.ActiveCfg = Debug|x64
		{B1DF403D-2DD1-4C77-BC9B-9A68621C6620}.Debug|x64.Build.0 = Debug|x64
		{B1DF403D-2DD1-4C77-BC9B-9A68621C6620}.Debug|x86.ActiveCfg = Debug|Win32
		{B1DF403D-2DD1-4C77-BC9B-9A68621C6620}.Debug|x86.Build.0 = Debug|Win32
		{B1DF403D-2DD1-4C77-BC9B-9A68621C6620}.Release|x64.ActiveCfg = Release|x64
		{B1DF403D-2DD1-4C77-BC9B-9A68621C6620}.Release|x64.Build.0 = Release|x64
		{B1DF403D-2DD1-4C77-BC9B-9A68621C6620}.Release|x86.ActiveCfg = Release|Win32
		{B1DF403D-2DD1-4C77-BC9B-9A68621C6620}.Release|x86.Build.0 = Release|Win32
		{4D7EE5D0-DF6C-4774-9CC6-E1ADE18360E3}.Debug|x64.ActiveCfg = Debug|x64
		{4D7EE5D0-DF6C-4774-9CC6-E1ADE18360E3}.Debug|x64.Build.0 = Debug|x64
		{4D7EE5D0-DF6C-4774-9CC6-E1ADE18360E3}.Debug|x86.ActiveCfg = Debug|Win32
		{4D7EE5D0-DF6C-4774-9CC6-E1ADE18360E3}.Debug|x86.Build.0 = Debug|Win32
		{4D7EE5D0-DF6C-4774-9CC6-E1ADE18360E3}.Release|x64.ActiveCfg = Release|x64
		{4D7EE5D0-DF6C-4774-9CC6-E1ADE18360E3}.Release|x64.Build.0 = Release|x64
		{4D7EE5D0-DF6C-4774-9CC6-E1ADE18360E3}.Release|x86.ActiveCfg = Release|Win32
		{4D7EE5D0-DF6C-4774-9CC6-E1ADE18360E3}.Release|x86.Build.0 = Release|Win32
		{0E699305-BF36-467E-A35E-9EE5824A7050}.Debug|x64.ActiveCfg = Debug|x64
		{0E699305-BF36-467E-A35E-9EE5824A7050}.Debug|x64.Build.0 = Debug|x64
		{0E699305-BF36-467E-A35E-9EE5824A7050}.Debug|x86.ActiveCfg = Debug|Win32
		{0E699305-BF36-467E-A35E-9EE5824A7050}.Debug|x86.Build.0 = Debug|Win32
		{0E699305-BF36-467E-A35E-9EE5824A7050}.Release|x64.ActiveCfg = Release|x64
		{0E699305-BF36-467E-A35E-9EE5824A7050}.Release|x64.Build.0 = Release|x64
		{0E699305-BF36-467E-A35E-9EE5824A7050}.Release|x86.ActiveCfg = Release|Win32
		{0E699305-BF36-467E-A35E-9EE5824A7050}.Release|x86.Build.0 = Release|Win32
		{834F7C30-0428-42B9-BFDF-ACA5B1FC31D7}.Debug|x64.ActiveCfg = Debug|x64
		{834F7C30-0428-42B9-BFDF-ACA5B1FC31D7}.Debug|x64.Build.0 = Debug|x64
		{834F7C30-0428-42B9-BFDF-ACA5B1FC31D7}.Debug|x86.ActiveCfg = Debug|Win32
		{834F7C30-0428-42B9-BFDF-ACA5B1FC31D7}.Debug|x86.Build.0 = Debug|Win32
		{834F7C30-0428-42B9-BFDF-ACA5B1FC31D7}.Release|x64.ActiveCfg = Release|x64
		{834F7C30-0428-42B9-BFDF-ACA5B1FC31D7}.Release|x64.Build.0 = Release|x64
		{834F7C30-0428-42B9-BFDF-ACA5B1FC31D7}.Release|x86.ActiveCfg = Release|Win32
		{834F7C30-0428-42B9-BFDF-ACA5B1FC31D7}.Release|x86.Build.0 = Release|Win32
		{D752B69F-3BE1-4B3C-A72F-17A97A70320C}.Debug|x64.ActiveCfg = Debug|x64
		{D752B69F-3BE1-4B3C-A72F-17A97A70320C}.Debug|x64.Build.0 = Debug|x64
		{D752B69F-3BE1-4B3C-A72F-17A97A70320C}.Debug|x86.ActiveCfg = Debug|Win32
		{D752B69F-3BE1-4B3C-A72F-17A97A70320C}.Debug|x86.Build.0 = Debug|Win32
		{D752B69F-3BE1-4B3C-A72F-17A97A70320C}.Release|x64.ActiveCfg = Release|x64
		{D752B69F-3BE1-4B3C-A72F-17A97A70320C}.Release|x64.Build.0 = Release|x64
		{D752B69F-3BE1-4B3C-A72F-17A97A70320C}.Release|x86.ActiveCfg = Release|Win32
		{D752B69F-3BE1-4B3C-A72F-17A97A70320C}.Release|x86.Build.0 = Release|Win32
		{06546AE4-716D-40C7-8C21-10D5CD7FAB37}.Debug|x64.ActiveCfg = Debug|x64
		{06546AE4-716D-40C7-8C21-10D5CD7FAB37}.Debug|x64.Build.0 = Debug|x64
		{06546AE4-716D-40C7-8C21-10D5CD7FAB37}.Debug|x86.ActiveCfg = Debug|Win32
		{06546AE4-716D-40C7-8C21-10D5CD7FAB37}.Debug|x86.Build.0 = Debug|Win32
		{06546AE4-716D-40C7-8C21-10D5CD7FAB37}.Release|x64.ActiveCfg = Release|x64
		{06546AE4-716D-40C7-8C21-10D5CD7FAB37}.Release|x64.Build.0 = Release|x64
		{06546AE4-716D-40C7-8C21-10D5CD7FAB37}.Release|x86.ActiveCfg = Release|Win32
		{06546AE4-716D-40C7-8C21-10D5CD7FAB37}.Release|x86.Build.0 = Release|Win32
		{64C461C6-55C8-4A8E-97D5-32544132F660}.Debug|x64.ActiveCfg = Debug|x64
		{64C461C6-55C8-4A8E-97D5-32544132F660}.Debug|x64.Build.0 = Debug|x64
		{64C461C6-55C8-4A8E-97D5-32544132F660}.Debug|x86.ActiveCfg = Debug|Win32
		{64C461C6-55C8-4A8E-97D5-32544132F660}.Debug|x86.Build.0 = Debug|Win32
		{64C461C6-55C8-4A8E-97D5-32544132F660}.Release|x64.ActiveCfg = Release|x64
		{64C461C6-55C8-4A8E-97D5-32544132F660}.Release|x64.Build.0 = Release|x64
		{64C461C6-55C8-4A8E-97D5-32544132F660}.Release|x86.ActiveCfg = Release|Win32
		{64C461C6-55C8-4A8E-97D5-32544132F660}.Release|x86.Build.0 = Release|Win32
		{43F0AFA2-A2E7-4BC5-AA59-50F9F149D1FE}.Debug|x64.ActiveCfg = Debug|x64
		{43F0AFA2-A2E7-4BC5-AA59-50F9F149D1FE}.Debug|x64.Build.0 = Debug|x64
		{43F0AFA2-A2E7-4BC5-AA59-50F9F149D1FE}.Debug|x86.ActiveCfg = Debug|Win32
		{43F0AFA2-A2E7-4BC5-AA59-50F9F149D1FE}.Debug|x86.Build.0 = Debug|Win32
		{43F0AFA2-A2E7-4BC5-AA59-50F9F149D1FE}.Release|x64.ActiveCfg = Release|x64
		{43F0AFA2-A2E7-4BC5-AA59-50F9F149D1FE}.Release|x64.Build.0 = Release|x64
		{43F0AFA2-A2E7-4BC5-AA59-50F9F149D1FE}.Release|x86.ActiveCfg = Release|Win32
		{43F0AFA2-A2E7-4BC5-AA59-50F9F149D1FE}.Release|x86.Build.0 = Release|Win32
		{691BC631-E0D2-4FD2-9447-94AA4FF6226F}.Debug|x64.ActiveCfg = Debug|x64
		{691BC631-E0D2-4FD2-9447-94AA4FF6226F}.Debug|x64.Build.0 = Debug|x64
		{691BC631-E0D2-4FD2-9447-94AA4FF6226F}.Debug|x86.ActiveCfg = Debug|Win32
		{691BC631-E0D2-4FD2-9447-94AA4FF6226F}.Debug|x86.Build.0 = Debug|Win32
		{691BC631-E0D2-4FD2-9447-94AA4FF6226F}.Release|x64.ActiveCfg = Release|x64
		{691BC631-E0D2-4FD2-9447-94AA4FF6226F}.Release|x64.Build.0 = Release|x64
		{691BC631-E0D2-4FD2-9447-94AA4FF6226F}.Release|x86.ActiveCfg = Release|Win32
		{691BC631-E0D2-4FD2-9447-94AA4FF6226F}.Release|x86.Build.0 = Release|Win32
		{8B4E7F83-A35C-44B9-9D87-DA048137B9D1}.Debug|x64.ActiveCfg = Debug|x64
		{8B4E7F83-A35C-44B9-9D87-DA048137B9D1}.Debug|x64.Build.0 = Debug|x64
		{8B4E7F83-A35C-44B9-9D87-DA048137B9D1}.Debug|x86.ActiveCfg = Debug|Win32
		{8B4E7F83-A35C-44B9-9D87-DA048137B9D1}.Debug|x86.Build.0 = Debug|Win32
		{8B4E7F83-A35C-44B9-9D87-DA048137B9D1}.Release|x64.ActiveCfg = Release|x64
		{8B4E7F83-A35C-44B9-9D87-DA048137B9D1}.Release|x64.Build.0 = Release|x64
		{8B4E7F83-A35C-44B9-9D87-DA048137B9D1}.Release|x86.ActiveCfg = Release|Win32
		{8B4E7F83-A35C-44B9-9D87-DA048137B9D1}.Release|x86.Build.0 = Release|Win32
		{9D6B3E33-C09C-4184-B88C-97BA5C07999B}.Debug|x64.ActiveCfg = Debug|x64
		{9D6B3E33-C09C-4184-B88C-97BA5C07999B}.Debug|x64.Build.0 = Debug|x64
		{9D6B3E33-C09C-4184-B88C-97BA5C07999B}.Debug|x86.ActiveCfg = Debug|Win32
		{9D6B3E33-C09C-4184-B88C-97BA5C07999B}.Debug|x86.Build.0 = Debug|Win32
		{9D6B3E33-C09C-4184-B88C-97BA5C07999B}.Release|x64.ActiveCfg = Release|x64
		{9D6B3E33-C09C-4184-B88C-97BA5C07999B}.Release|x64.Build.0 = Release|x64
		{9D6B3E33-C09C-4184-B88C-97BA5C07999B}.Release|x86.ActiveCfg = Release|Win32
		{9D6B3E33-C09C-4184-B88C-97BA5C07999B}.Release|x86.Build.0 = Release|Win32
	EndGlobalSection
	GlobalSection(SolutionProperties) = preSolution
		HideSolutionNode = FALSE
	EndGlobalSection
	GlobalSection(ExtensibilityGlobals) = postSolution
		SolutionGuid = {E40C18C1-CAE8-4B84-B3DD-9A1719CD2E0F}
	EndGlobalSection
EndGlobal
